{
    "_readme": [
        "This file locks the dependencies of your project to a known state",
        "Read more about it at https://getcomposer.org/doc/01-basic-usage.md#installing-dependencies",
        "This file is @generated automatically"
    ],
    "content-hash": "f40a2fa7e19322bd961f212ad270b0d7",
    "packages": [
        {
            "name": "magento/module-authorization",
            "version": "100.3.2",
            "dist": {
                "type": "zip",
                "url": "https://repo.magento.com/archives/magento/module-authorization/magento-module-authorization-100.3.2.0.zip",
                "shasum": "c17ed45c3bffca3bf704d2f4031069ed36b70273"
            },
            "require": {
                "magento/framework": "102.0.*",
                "magento/module-backend": "101.0.*",
                "php": "~7.1.3||~7.2.0"
            },
            "type": "magento2-module",
            "autoload": {
                "files": [
                    "registration.php"
                ],
                "psr-4": {
                    "Magento\\Authorization\\": ""
                }
            },
            "license": [
                "OSL-3.0",
                "AFL-3.0"
            ],
            "description": "Authorization module provides access to Magento ACL functionality."
        },
        {
            "name": "composer/composer",
            "version": "1.9.0",
            "source": {
                "type": "git",
                "url": "https://github.com/composer/composer.git",
                "reference": "314aa57fdcfc942065996f59fb73a8b3f74f3fa5"
            },
            "dist": {
                "type": "zip",
                "url": "https://api.github.com/repos/composer/composer/zipball/314aa57fdcfc942065996f59fb73a8b3f74f3fa5",
                "reference": "314aa57fdcfc942065996f59fb73a8b3f74f3fa5",
                "shasum": ""
            },
            "require": {
                "composer/ca-bundle": "^1.0",
                "composer/semver": "^1.0",
                "composer/spdx-licenses": "^1.2",
                "composer/xdebug-handler": "^1.1",
                "justinrainbow/json-schema": "^3.0 || ^4.0 || ^5.0",
                "php": "^5.3.2 || ^7.0",
                "psr/log": "^1.0",
                "seld/jsonlint": "^1.4",
                "seld/phar-utils": "^1.0",
                "symfony/console": "^2.7 || ^3.0 || ^4.0",
                "symfony/filesystem": "^2.7 || ^3.0 || ^4.0",
                "symfony/finder": "^2.7 || ^3.0 || ^4.0",
                "symfony/process": "^2.7 || ^3.0 || ^4.0"
            },
            "conflict": {
                "symfony/console": "2.8.38"
            },
            "require-dev": {
                "phpunit/phpunit": "^4.8.35 || ^5.7",
                "phpunit/phpunit-mock-objects": "^2.3 || ^3.0"
            },
            "suggest": {
                "ext-openssl": "Enabling the openssl extension allows you to access https URLs for repositories and packages",
                "ext-zip": "Enabling the zip extension allows you to unzip archives",
                "ext-zlib": "Allow gzip compression of HTTP requests"
            },
            "bin": [
                "bin/composer"
            ],
            "type": "library",
            "extra": {
                "branch-alias": {
                    "dev-master": "1.9-dev"
                }
            },
            "autoload": {
                "psr-4": {
                    "Composer\\": "src/Composer"
                }
            },
            "notification-url": "https://packagist.org/downloads/",
            "license": [
                "MIT"
            ],
            "authors": [
                {
                    "name": "Nils Adermann",
                    "email": "naderman@naderman.de",
                    "homepage": "http://www.naderman.de"
                },
                {
                    "name": "Jordi Boggiano",
                    "email": "j.boggiano@seld.be",
                    "homepage": "http://seld.be"
                }
            ],
            "description": "Composer helps you declare, manage and install dependencies of PHP projects. It ensures you have the right stack everywhere.",
            "homepage": "https://getcomposer.org/",
            "keywords": [
                "autoload",
                "dependency",
                "package"
            ],
            "time": "2019-08-02T18:55:33+00:00"
        },
        {
            "name": "magento/module2-functional-test",
            "require": {
                "composer/composer": "*"
            },
            "type": "magento2-functional-test-module",
            "version": "1.0.0",
            "suggest": {
                "magento/module-one": "name: Magento_ModuleY, version: ~100.0.0",
                "magento/module-module-x": " type: magento2-module ,name: Magento_ModuleX, version: ~100.0.0",
                "magento/module-two": "*",
                "magento/module-module-y": "type: magento2-module, name:Magento_ModuleY,version:~100.0.0",
                "magento/module-module-z": "  type:magento2-module,   name:  Magento_ModuleZ , version: ~100.0.0",
                "magento/module-three": "type: magento2-module, ~100.0.0",
                "magento/module-four": "some suggestions"
            },
            "description": "magento module2-functional-test",
            "keywords": [
                "mftf",
                "test"
            ],
            "time": "2019-03-19T17:25:45+00:00"
        }
    ],
    "packages-dev": [],
    "aliases": [],
    "minimum-stability": "stable",
    "stability-flags": [],
    "prefer-stable": false,
    "prefer-lowest": false,
    "platform": [],
    "platform-dev": []
}
